// !$*UTF8*$!
{
	archiveVersion = 1;
	classes = {
	};
	objectVersion = 56;
	objects = {

/* Begin PBXBuildFile section */
		955D91712C4837780072FD1C /* animationProjectApp.swift in Sources */ = {isa = PBXBuildFile; fileRef = 955D91702C4837780072FD1C /* animationProjectApp.swift */; };
		955D91732C4837780072FD1C /* AnimationView.swift in Sources */ = {isa = PBXBuildFile; fileRef = 955D91722C4837780072FD1C /* AnimationView.swift */; };
		955D91752C48377B0072FD1C /* Assets.xcassets in Resources */ = {isa = PBXBuildFile; fileRef = 955D91742C48377B0072FD1C /* Assets.xcassets */; };
		955D91782C48377B0072FD1C /* Preview Assets.xcassets in Resources */ = {isa = PBXBuildFile; fileRef = 955D91772C48377B0072FD1C /* Preview Assets.xcassets */; };
		955D91822C48377B0072FD1C /* animationProjectTests.swift in Sources */ = {isa = PBXBuildFile; fileRef = 955D91812C48377B0072FD1C /* animationProjectTests.swift */; };
		955D918C2C48377B0072FD1C /* animationProjectUITests.swift in Sources */ = {isa = PBXBuildFile; fileRef = 955D918B2C48377B0072FD1C /* animationProjectUITests.swift */; };
		955D918E2C48377B0072FD1C /* animationProjectUITestsLaunchTests.swift in Sources */ = {isa = PBXBuildFile; fileRef = 955D918D2C48377B0072FD1C /* animationProjectUITestsLaunchTests.swift */; };
/* End PBXBuildFile section */

/* Begin PBXContainerItemProxy section */
		955D917E2C48377B0072FD1C /* PBXContainerItemProxy */ = {
			isa = PBXContainerItemProxy;
			containerPortal = 955D91652C4837780072FD1C /* Project object */;
			proxyType = 1;
			remoteGlobalIDString = 955D916C2C4837780072FD1C;
			remoteInfo = animationProject;
		};
		955D91882C48377B0072FD1C /* PBXContainerItemProxy */ = {
			isa = PBXContainerItemProxy;
			containerPortal = 955D91652C4837780072FD1C /* Project object */;
			proxyType = 1;
			remoteGlobalIDString = 955D916C2C4837780072FD1C;
			remoteInfo = animationProject;
		};
/* End PBXContainerItemProxy section */

/* Begin PBXFileReference section */
		955D916D2C4837780072FD1C /* animationProject.app */ = {isa = PBXFileReference; explicitFileType = wrapper.application; includeInIndex = 0; path = animationProject.app; sourceTree = BUILT_PRODUCTS_DIR; };
		955D91702C4837780072FD1C /* animationProjectApp.swift */ = {isa = PBXFileReference; lastKnownFileType = sourcecode.swift; path = animationProjectApp.swift; sourceTree = "<group>"; };
		955D91722C4837780072FD1C /* AnimationView.swift */ = {isa = PBXFileReference; lastKnownFileType = sourcecode.swift; path = AnimationView.swift; sourceTree = "<group>"; };
		955D91742C48377B0072FD1C /* Assets.xcassets */ = {isa = PBXFileReference; lastKnownFileType = folder.assetcatalog; path = Assets.xcassets; sourceTree = "<group>"; };
		955D91772C48377B0072FD1C /* Preview Assets.xcassets */ = {isa = PBXFileReference; lastKnownFileType = folder.assetcatalog; path = "Preview Assets.xcassets"; sourceTree = "<group>"; };
		955D917D2C48377B0072FD1C /* animationProjectTests.xctest */ = {isa = PBXFileReference; explicitFileType = wrapper.cfbundle; includeInIndex = 0; path = animationProjectTests.xctest; sourceTree = BUILT_PRODUCTS_DIR; };
		955D91812C48377B0072FD1C /* animationProjectTests.swift */ = {isa = PBXFileReference; lastKnownFileType = sourcecode.swift; path = animationProjectTests.swift; sourceTree = "<group>"; };
		955D91872C48377B0072FD1C /* animationProjectUITests.xctest */ = {isa = PBXFileReference; explicitFileType = wrapper.cfbundle; includeInIndex = 0; path = animationProjectUITests.xctest; sourceTree = BUILT_PRODUCTS_DIR; };
		955D918B2C48377B0072FD1C /* animationProjectUITests.swift */ = {isa = PBXFileReference; lastKnownFileType = sourcecode.swift; path = animationProjectUITests.swift; sourceTree = "<group>"; };
		955D918D2C48377B0072FD1C /* animationProjectUITestsLaunchTests.swift */ = {isa = PBXFileReference; lastKnownFileType = sourcecode.swift; path = animationProjectUITestsLaunchTests.swift; sourceTree = "<group>"; };
/* End PBXFileReference section */

/* Begin PBXFrameworksBuildPhase section */
		955D916A2C4837780072FD1C /* Frameworks */ = {
			isa = PBXFrameworksBuildPhase;
			buildActionMask = 2147483647;
			files = (
			);
			runOnlyForDeploymentPostprocessing = 0;
		};
		955D917A2C48377B0072FD1C /* Frameworks */ = {
			isa = PBXFrameworksBuildPhase;
			buildActionMask = 2147483647;
			files = (
			);
			runOnlyForDeploymentPostprocessing = 0;
		};
		955D91842C48377B0072FD1C /* Frameworks */ = {
			isa = PBXFrameworksBuildPhase;
			buildActionMask = 2147483647;
			files = (
			);
			runOnlyForDeploymentPostprocessing = 0;
		};
/* End PBXFrameworksBuildPhase section */

/* Begin PBXGroup section */
		955D91642C4837780072FD1C = {
			isa = PBXGroup;
			children = (
				955D916F2C4837780072FD1C /* animationProject */,
				955D91802C48377B0072FD1C /* animationProjectTests */,
				955D918A2C48377B0072FD1C /* animationProjectUITests */,
				955D916E2C4837780072FD1C /* Products */,
			);
			sourceTree = "<group>";
		};
		955D916E2C4837780072FD1C /* Products */ = {
			isa = PBXGroup;
			children = (
				955D916D2C4837780072FD1C /* animationProject.app */,
				955D917D2C48377B0072FD1C /* animationProjectTests.xctest */,
				955D91872C48377B0072FD1C /* animationProjectUITests.xctest */,
			);
			name = Products;
			sourceTree = "<group>";
		};
		955D916F2C4837780072FD1C /* animationProject */ = {
			isa = PBXGroup;
			children = (
				955D91702C4837780072FD1C /* animationProjectApp.swift */,
				955D91722C4837780072FD1C /* AnimationView.swift */,
				955D91742C48377B0072FD1C /* Assets.xcassets */,
				955D91762C48377B0072FD1C /* Preview Content */,
			);
			path = animationProject;
			sourceTree = "<group>";
		};
		955D91762C48377B0072FD1C /* Preview Content */ = {
			isa = PBXGroup;
			children = (
				955D91772C48377B0072FD1C /* Preview Assets.xcassets */,
			);
			path = "Preview Content";
			sourceTree = "<group>";
		};
		955D91802C48377B0072FD1C /* animationProjectTests */ = {
			isa = PBXGroup;
			children = (
				955D91812C48377B0072FD1C /* animationProjectTests.swift */,
			);
			path = animationProjectTests;
			sourceTree = "<group>";
		};
		955D918A2C48377B0072FD1C /* animationProjectUITests */ = {
			isa = PBXGroup;
			children = (
				955D918B2C48377B0072FD1C /* animationProjectUITests.swift */,
				955D918D2C48377B0072FD1C /* animationProjectUITestsLaunchTests.swift */,
			);
			path = animationProjectUITests;
			sourceTree = "<group>";
		};
/* End PBXGroup section */

/* Begin PBXNativeTarget section */
		955D916C2C4837780072FD1C /* animationProject */ = {
			isa = PBXNativeTarget;
			buildConfigurationList = 955D91912C48377B0072FD1C /* Build configuration list for PBXNativeTarget "animationProject" */;
			buildPhases = (
				955D91692C4837780072FD1C /* Sources */,
				955D916A2C4837780072FD1C /* Frameworks */,
				955D916B2C4837780072FD1C /* Resources */,
			);
			buildRules = (
			);
			dependencies = (
			);
			name = animationProject;
			productName = animationProject;
			productReference = 955D916D2C4837780072FD1C /* animationProject.app */;
			productType = "com.apple.product-type.application";
		};
		955D917C2C48377B0072FD1C /* animationProjectTests */ = {
			isa = PBXNativeTarget;
			buildConfigurationList = 955D91942C48377B0072FD1C /* Build configuration list for PBXNativeTarget "animationProjectTests" */;
			buildPhases = (
				955D91792C48377B0072FD1C /* Sources */,
				955D917A2C48377B0072FD1C /* Frameworks */,
				955D917B2C48377B0072FD1C /* Resources */,
			);
			buildRules = (
			);
			dependencies = (
				955D917F2C48377B0072FD1C /* PBXTargetDependency */,
			);
			name = animationProjectTests;
			productName = animationProjectTests;
			productReference = 955D917D2C48377B0072FD1C /* animationProjectTests.xctest */;
			productType = "com.apple.product-type.bundle.unit-test";
		};
		955D91862C48377B0072FD1C /* animationProjectUITests */ = {
			isa = PBXNativeTarget;
			buildConfigurationList = 955D91972C48377B0072FD1C /* Build configuration list for PBXNativeTarget "animationProjectUITests" */;
			buildPhases = (
				955D91832C48377B0072FD1C /* Sources */,
				955D91842C48377B0072FD1C /* Frameworks */,
				955D91852C48377B0072FD1C /* Resources */,
			);
			buildRules = (
			);
			dependencies = (
				955D91892C48377B0072FD1C /* PBXTargetDependency */,
			);
			name = animationProjectUITests;
			productName = animationProjectUITests;
			productReference = 955D91872C48377B0072FD1C /* animationProjectUITests.xctest */;
			productType = "com.apple.product-type.bundle.ui-testing";
		};
/* End PBXNativeTarget section */

/* Begin PBXProject section */
		955D91652C4837780072FD1C /* Project object */ = {
			isa = PBXProject;
			attributes = {
				BuildIndependentTargetsInParallel = 1;
				LastSwiftUpdateCheck = 1520;
				LastUpgradeCheck = 1520;
				TargetAttributes = {
					955D916C2C4837780072FD1C = {
						CreatedOnToolsVersion = 15.2;
					};
					955D917C2C48377B0072FD1C = {
						CreatedOnToolsVersion = 15.2;
						TestTargetID = 955D916C2C4837780072FD1C;
					};
					955D91862C48377B0072FD1C = {
						CreatedOnToolsVersion = 15.2;
						TestTargetID = 955D916C2C4837780072FD1C;
					};
				};
			};
			buildConfigurationList = 955D91682C4837780072FD1C /* Build configuration list for PBXProject "animationProject" */;
			compatibilityVersion = "Xcode 14.0";
			developmentRegion = en;
			hasScannedForEncodings = 0;
			knownRegions = (
				en,
				Base,
			);
			mainGroup = 955D91642C4837780072FD1C;
			productRefGroup = 955D916E2C4837780072FD1C /* Products */;
			projectDirPath = "";
			projectRoot = "";
			targets = (
				955D916C2C4837780072FD1C /* animationProject */,
				955D917C2C48377B0072FD1C /* animationProjectTests */,
				955D91862C48377B0072FD1C /* animationProjectUITests */,
			);
		};
/* End PBXProject section */

/* Begin PBXResourcesBuildPhase section */
		955D916B2C4837780072FD1C /* Resources */ = {
			isa = PBXResourcesBuildPhase;
			buildActionMask = 2147483647;
			files = (
				955D91782C48377B0072FD1C /* Preview Assets.xcassets in Resources */,
				955D91752C48377B0072FD1C /* Assets.xcassets in Resources */,
			);
			runOnlyForDeploymentPostprocessing = 0;
		};
		955D917B2C48377B0072FD1C /* Resources */ = {
			isa = PBXResourcesBuildPhase;
			buildActionMask = 2147483647;
			files = (
			);
			runOnlyForDeploymentPostprocessing = 0;
		};
		955D91852C48377B0072FD1C /* Resources */ = {
			isa = PBXResourcesBuildPhase;
			buildActionMask = 2147483647;
			files = (
			);
			runOnlyForDeploymentPostprocessing = 0;
		};
/* End PBXResourcesBuildPhase section */

/* Begin PBXSourcesBuildPhase section */
		955D91692C4837780072FD1C /* Sources */ = {
			isa = PBXSourcesBuildPhase;
			buildActionMask = 2147483647;
			files = (
				955D91732C4837780072FD1C /* AnimationView.swift in Sources */,
				955D91712C4837780072FD1C /* animationProjectApp.swift in Sources */,
			);
			runOnlyForDeploymentPostprocessing = 0;
		};
		955D91792C48377B0072FD1C /* Sources */ = {
			isa = PBXSourcesBuildPhase;
			buildActionMask = 2147483647;
			files = (
				955D91822C48377B0072FD1C /* animationProjectTests.swift in Sources */,
			);
			runOnlyForDeploymentPostprocessing = 0;
		};
		955D91832C48377B0072FD1C /* Sources */ = {
			isa = PBXSourcesBuildPhase;
			buildActionMask = 2147483647;
			files = (
				955D918C2C48377B0072FD1C /* animationProjectUITests.swift in Sources */,
				955D918E2C48377B0072FD1C /* animationProjectUITestsLaunchTests.swift in Sources */,
			);
			runOnlyForDeploymentPostprocessing = 0;
		};
/* End PBXSourcesBuildPhase section */

/* Begin PBXTargetDependency section */
		955D917F2C48377B0072FD1C /* PBXTargetDependency */ = {
			isa = PBXTargetDependency;
			target = 955D916C2C4837780072FD1C /* animationProject */;
			targetProxy = 955D917E2C48377B0072FD1C /* PBXContainerItemProxy */;
		};
		955D91892C48377B0072FD1C /* PBXTargetDependency */ = {
			isa = PBXTargetDependency;
			target = 955D916C2C4837780072FD1C /* animationProject */;
			targetProxy = 955D91882C48377B0072FD1C /* PBXContainerItemProxy */;
		};
/* End PBXTargetDependency section */

/* Begin XCBuildConfiguration section */
		955D918F2C48377B0072FD1C /* Debug */ = {
			isa = XCBuildConfiguration;
			buildSettings = {
				ALWAYS_SEARCH_USER_PATHS = NO;
				ASSETCATALOG_COMPILER_GENERATE_SWIFT_ASSET_SYMBOL_EXTENSIONS = YES;
				CLANG_ANALYZER_NONNULL = YES;
				CLANG_ANALYZER_NUMBER_OBJECT_CONVERSION = YES_AGGRESSIVE;
				CLANG_CXX_LANGUAGE_STANDARD = "gnu++20";
				CLANG_ENABLE_MODULES = YES;
				CLANG_ENABLE_OBJC_ARC = YES;
				CLANG_ENABLE_OBJC_WEAK = YES;
				CLANG_WARN_BLOCK_CAPTURE_AUTORELEASING = YES;
				CLANG_WARN_BOOL_CONVERSION = YES;
				CLANG_WARN_COMMA = YES;
				CLANG_WARN_CONSTANT_CONVERSION = YES;
				CLANG_WARN_DEPRECATED_OBJC_IMPLEMENTATIONS = YES;
				CLANG_WARN_DIRECT_OBJC_ISA_USAGE = YES_ERROR;
				CLANG_WARN_DOCUMENTATION_COMMENTS = YES;
				CLANG_WARN_EMPTY_BODY = YES;
				CLANG_WARN_ENUM_CONVERSION = YES;
				CLANG_WARN_INFINITE_RECURSION = YES;
				CLANG_WARN_INT_CONVERSION = YES;
				CLANG_WARN_NON_LITERAL_NULL_CONVERSION = YES;
				CLANG_WARN_OBJC_IMPLICIT_RETAIN_SELF = YES;
				CLANG_WARN_OBJC_LITERAL_CONVERSION = YES;
				CLANG_WARN_OBJC_ROOT_CLASS = YES_ERROR;
				CLANG_WARN_QUOTED_INCLUDE_IN_FRAMEWORK_HEADER = YES;
				CLANG_WARN_RANGE_LOOP_ANALYSIS = YES;
				CLANG_WARN_STRICT_PROTOTYPES = YES;
				CLANG_WARN_SUSPICIOUS_MOVE = YES;
				CLANG_WARN_UNGUARDED_AVAILABILITY = YES_AGGRESSIVE;
				CLANG_WARN_UNREACHABLE_CODE = YES;
				CLANG_WARN__DUPLICATE_METHOD_MATCH = YES;
				COPY_PHASE_STRIP = NO;
				DEBUG_INFORMATION_FORMAT = dwarf;
				ENABLE_STRICT_OBJC_MSGSEND = YES;
				ENABLE_TESTABILITY = YES;
				ENABLE_USER_SCRIPT_SANDBOXING = YES;
				GCC_C_LANGUAGE_STANDARD = gnu17;
				GCC_DYNAMIC_NO_PIC = NO;
				GCC_NO_COMMON_BLOCKS = YES;
				GCC_OPTIMIZATION_LEVEL = 0;
				GCC_PREPROCESSOR_DEFINITIONS = (
					"DEBUG=1",
					"$(inherited)",
				);
				GCC_WARN_64_TO_32_BIT_CONVERSION = YES;
				GCC_WARN_ABOUT_RETURN_TYPE = YES_ERROR;
				GCC_WARN_UNDECLARED_SELECTOR = YES;
				GCC_WARN_UNINITIALIZED_AUTOS = YES_AGGRESSIVE;
				GCC_WARN_UNUSED_FUNCTION = YES;
				GCC_WARN_UNUSED_VARIABLE = YES;
				IPHONEOS_DEPLOYMENT_TARGET = 17.2;
				LOCALIZATION_PREFERS_STRING_CATALOGS = YES;
				MTL_ENABLE_DEBUG_INFO = INCLUDE_SOURCE;
				MTL_FAST_MATH = YES;
				ONLY_ACTIVE_ARCH = YES;
				SDKROOT = iphoneos;
				SWIFT_ACTIVE_COMPILATION_CONDITIONS = "DEBUG $(inherited)";
				SWIFT_OPTIMIZATION_LEVEL = "-Onone";
			};
			name = Debug;
		};
		955D91902C48377B0072FD1C /* Release */ = {
			isa = XCBuildConfiguration;
			buildSettings = {
				ALWAYS_SEARCH_USER_PATHS = NO;
				ASSETCATALOG_COMPILER_GENERATE_SWIFT_ASSET_SYMBOL_EXTENSIONS = YES;
				CLANG_ANALYZER_NONNULL = YES;
				CLANG_ANALYZER_NUMBER_OBJECT_CONVERSION = YES_AGGRESSIVE;
				CLANG_CXX_LANGUAGE_STANDARD = "gnu++20";
				CLANG_ENABLE_MODULES = YES;
				CLANG_ENABLE_OBJC_ARC = YES;
				CLANG_ENABLE_OBJC_WEAK = YES;
				CLANG_WARN_BLOCK_CAPTURE_AUTORELEASING = YES;
				CLANG_WARN_BOOL_CONVERSION = YES;
				CLANG_WARN_COMMA = YES;
				CLANG_WARN_CONSTANT_CONVERSION = YES;
				CLANG_WARN_DEPRECATED_OBJC_IMPLEMENTATIONS = YES;
				CLANG_WARN_DIRECT_OBJC_ISA_USAGE = YES_ERROR;
				CLANG_WARN_DOCUMENTATION_COMMENTS = YES;
				CLANG_WARN_EMPTY_BODY = YES;
				CLANG_WARN_ENUM_CONVERSION = YES;
				CLANG_WARN_INFINITE_RECURSION = YES;
				CLANG_WARN_INT_CONVERSION = YES;
				CLANG_WARN_NON_LITERAL_NULL_CONVERSION = YES;
				CLANG_WARN_OBJC_IMPLICIT_RETAIN_SELF = YES;
				CLANG_WARN_OBJC_LITERAL_CONVERSION = YES;
				CLANG_WARN_OBJC_ROOT_CLASS = YES_ERROR;
				CLANG_WARN_QUOTED_INCLUDE_IN_FRAMEWORK_HEADER = YES;
				CLANG_WARN_RANGE_LOOP_ANALYSIS = YES;
				CLANG_WARN_STRICT_PROTOTYPES = YES;
				CLANG_WARN_SUSPICIOUS_MOVE = YES;
				CLANG_WARN_UNGUARDED_AVAILABILITY = YES_AGGRESSIVE;
				CLANG_WARN_UNREACHABLE_CODE = YES;
				CLANG_WARN__DUPLICATE_METHOD_MATCH = YES;
				COPY_PHASE_STRIP = NO;
				DEBUG_INFORMATION_FORMAT = "dwarf-with-dsym";
				ENABLE_NS_ASSERTIONS = NO;
				ENABLE_STRICT_OBJC_MSGSEND = YES;
				ENABLE_USER_SCRIPT_SANDBOXING = YES;
				GCC_C_LANGUAGE_STANDARD = gnu17;
				GCC_NO_COMMON_BLOCKS = YES;
				GCC_WARN_64_TO_32_BIT_CONVERSION = YES;
				GCC_WARN_ABOUT_RETURN_TYPE = YES_ERROR;
				GCC_WARN_UNDECLARED_SELECTOR = YES;
				GCC_WARN_UNINITIALIZED_AUTOS = YES_AGGRESSIVE;
				GCC_WARN_UNUSED_FUNCTION = YES;
				GCC_WARN_UNUSED_VARIABLE = YES;
				IPHONEOS_DEPLOYMENT_TARGET = 17.2;
				LOCALIZATION_PREFERS_STRING_CATALOGS = YES;
				MTL_ENABLE_DEBUG_INFO = NO;
				MTL_FAST_MATH = YES;
				SDKROOT = iphoneos;
				SWIFT_COMPILATION_MODE = wholemodule;
				VALIDATE_PRODUCT = YES;
			};
			name = Release;
		};
		955D91922C48377B0072FD1C /* Debug */ = {
			isa = XCBuildConfiguration;
			buildSettings = {
				ASSETCATALOG_COMPILER_APPICON_NAME = AppIcon;
				ASSETCATALOG_COMPILER_GLOBAL_ACCENT_COLOR_NAME = AccentColor;
				CODE_SIGN_STYLE = Automatic;
				CURRENT_PROJECT_VERSION = 1;
				DEVELOPMENT_ASSET_PATHS = "\"animationProject/Preview Content\"";
				ENABLE_PREVIEWS = YES;
				GENERATE_INFOPLIST_FILE = YES;
				INFOPLIST_KEY_UIApplicationSceneManifest_Generation = YES;
				INFOPLIST_KEY_UIApplicationSupportsIndirectInputEvents = YES;
				INFOPLIST_KEY_UILaunchScreen_Generation = YES;
				INFOPLIST_KEY_UISupportedInterfaceOrientations_iPad = "UIInterfaceOrientationPortrait UIInterfaceOrientationPortraitUpsideDown UIInterfaceOrientationLandscapeLeft UIInterfaceOrientationLandscapeRight";
				INFOPLIST_KEY_UISupportedInterfaceOrientations_iPhone = "UIInterfaceOrientationPortrait UIInterfaceOrientationLandscapeLeft UIInterfaceOrientationLandscapeRight";
				LD_RUNPATH_SEARCH_PATHS = (
					"$(inherited)",
					"@executable_path/Frameworks",
				);
				MARKETING_VERSION = 1.0;
				PRODUCT_BUNDLE_IDENTIFIER = KLM.animationProject;
				PRODUCT_NAME = "$(TARGET_NAME)";
				SWIFT_EMIT_LOC_STRINGS = YES;
				SWIFT_VERSION = 5.0;
				TARGETED_DEVICE_FAMILY = "1,2";
			};
			name = Debug;
		};
		955D91932C48377B0072FD1C /* Release */ = {
			isa = XCBuildConfiguration;
			buildSettings = {
				ASSETCATALOG_COMPILER_APPICON_NAME = AppIcon;
				ASSETCATALOG_COMPILER_GLOBAL_ACCENT_COLOR_NAME = AccentColor;
				CODE_SIGN_STYLE = Automatic;
				CURRENT_PROJECT_VERSION = 1;
				DEVELOPMENT_ASSET_PATHS = "\"animationProject/Preview Content\"";
				ENABLE_PREVIEWS = YES;
				GENERATE_INFOPLIST_FILE = YES;
				INFOPLIST_KEY_UIApplicationSceneManifest_Generation = YES;
				INFOPLIST_KEY_UIApplicationSupportsIndirectInputEvents = YES;
				INFOPLIST_KEY_UILaunchScreen_Generation = YES;
				INFOPLIST_KEY_UISupportedInterfaceOrientations_iPad = "UIInterfaceOrientationPortrait UIInterfaceOrientationPortraitUpsideDown UIInterfaceOrientationLandscapeLeft UIInterfaceOrientationLandscapeRight";
				INFOPLIST_KEY_UISupportedInterfaceOrientations_iPhone = "UIInterfaceOrientationPortrait UIInterfaceOrientationLandscapeLeft UIInterfaceOrientationLandscapeRight";
				LD_RUNPATH_SEARCH_PATHS = (
					"$(inherited)",
					"@executable_path/Frameworks",
				);
				MARKETING_VERSION = 1.0;
				PRODUCT_BUNDLE_IDENTIFIER = KLM.animationProject;
				PRODUCT_NAME = "$(TARGET_NAME)";
				SWIFT_EMIT_LOC_STRINGS = YES;
				SWIFT_VERSION = 5.0;
				TARGETED_DEVICE_FAMILY = "1,2";
			};
			name = Release;
		};
		955D91952C48377B0072FD1C /* Debug */ = {
			isa = XCBuildConfiguration;
			buildSettings = {
				ALWAYS_EMBED_SWIFT_STANDARD_LIBRARIES = YES;
				BUNDLE_LOADER = "$(TEST_HOST)";
				CODE_SIGN_STYLE = Automatic;
				CURRENT_PROJECT_VERSION = 1;
				GENERATE_INFOPLIST_FILE = YES;
				IPHONEOS_DEPLOYMENT_TARGET = 17.2;
				MARKETING_VERSION = 1.0;
				PRODUCT_BUNDLE_IDENTIFIER = KLM.animationProjectTests;
				PRODUCT_NAME = "$(TARGET_NAME)";
				SWIFT_EMIT_LOC_STRINGS = NO;
				SWIFT_VERSION = 5.0;
				TARGETED_DEVICE_FAMILY = "1,2";
				TEST_HOST = "$(BUILT_PRODUCTS_DIR)/animationProject.app/$(BUNDLE_EXECUTABLE_FOLDER_PATH)/animationProject";
			};
			name = Debug;
		};
		955D91962C48377B0072FD1C /* Release */ = {
			isa = XCBuildConfiguration;
			buildSettings = {
				ALWAYS_EMBED_SWIFT_STANDARD_LIBRARIES = YES;
				BUNDLE_LOADER = "$(TEST_HOST)";
				CODE_SIGN_STYLE = Automatic;
				CURRENT_PROJECT_VERSION = 1;
				GENERATE_INFOPLIST_FILE = YES;
				IPHONEOS_DEPLOYMENT_TARGET = 17.2;
				MARKETING_VERSION = 1.0;
				PRODUCT_BUNDLE_IDENTIFIER = KLM.animationProjectTests;
				PRODUCT_NAME = "$(TARGET_NAME)";
				SWIFT_EMIT_LOC_STRINGS = NO;
				SWIFT_VERSION = 5.0;
				TARGETED_DEVICE_FAMILY = "1,2";
				TEST_HOST = "$(BUILT_PRODUCTS_DIR)/animationProject.app/$(BUNDLE_EXECUTABLE_FOLDER_PATH)/animationProject";
			};
			name = Release;
		};
		955D91982C48377B0072FD1C /* Debug */ = {
			isa = XCBuildConfiguration;
			buildSettings = {
				ALWAYS_EMBED_SWIFT_STANDARD_LIBRARIES = YES;
				CODE_SIGN_STYLE = Automatic;
				CURRENT_PROJECT_VERSION = 1;
				GENERATE_INFOPLIST_FILE = YES;
				MARKETING_VERSION = 1.0;
				PRODUCT_BUNDLE_IDENTIFIER = KLM.animationProjectUITests;
				PRODUCT_NAME = "$(TARGET_NAME)";
				SWIFT_EMIT_LOC_STRINGS = NO;
				SWIFT_VERSION = 5.0;
				TARGETED_DEVICE_FAMILY = "1,2";
				TEST_TARGET_NAME = animationProject;
			};
			name = Debug;
		};
		955D91992C48377B0072FD1C /* Release */ = {
			isa = XCBuildConfiguration;
			buildSettings = {
				ALWAYS_EMBED_SWIFT_STANDARD_LIBRARIES = YES;
				CODE_SIGN_STYLE = Automatic;
				CURRENT_PROJECT_VERSION = 1;
				GENERATE_INFOPLIST_FILE = YES;
				MARKETING_VERSION = 1.0;
				PRODUCT_BUNDLE_IDENTIFIER = KLM.animationProjectUITests;
				PRODUCT_NAME = "$(TARGET_NAME)";
				SWIFT_EMIT_LOC_STRINGS = NO;
				SWIFT_VERSION = 5.0;
				TARGETED_DEVICE_FAMILY = "1,2";
				TEST_TARGET_NAME = animationProject;
			};
			name = Release;
		};
/* End XCBuildConfiguration section */

/* Begin XCConfigurationList section */
		955D91682C4837780072FD1C /* Build configuration list for PBXProject "animationProject" */ = {
			isa = XCConfigurationList;
			buildConfigurations = (
				955D918F2C48377B0072FD1C /* Debug */,
				955D91902C48377B0072FD1C /* Release */,
			);
			defaultConfigurationIsVisible = 0;
			defaultConfigurationName = Release;
		};
		955D91912C48377B0072FD1C /* Build configuration list for PBXNativeTarget "animationProject" */ = {
			isa = XCConfigurationList;
			buildConfigurations = (
				955D91922C48377B0072FD1C /* Debug */,
				955D91932C48377B0072FD1C /* Release */,
			);
			defaultConfigurationIsVisible = 0;
			defaultConfigurationName = Release;
		};
		955D91942C48377B0072FD1C /* Build configuration list for PBXNativeTarget "animationProjectTests" */ = {
			isa = XCConfigurationList;
			buildConfigurations = (
				955D91952C48377B0072FD1C /* Debug */,
				955D91962C48377B0072FD1C /* Release */,
			);
			defaultConfigurationIsVisible = 0;
			defaultConfigurationName = Release;
		};
		955D91972C48377B0072FD1C /* Build configuration list for PBXNativeTarget "animationProjectUITests" */ = {
			isa = XCConfigurationList;
			buildConfigurations = (
				955D91982C48377B0072FD1C /* Debug */,
				955D91992C48377B0072FD1C /* Release */,
			);
			defaultConfigurationIsVisible = 0;
			defaultConfigurationName = Release;
		};
/* End XCConfigurationList section */
	};
	rootObject = 955D91652C4837780072FD1C /* Project object */;
}
